
Microsoft Visual Studio Solution File, Format Version 12.00
# Visual Studio Version 17
VisualStudioVersion = 17.6.33712.159
MinimumVisualStudioVersion = 10.0.40219.1
Project("{FAE04EC0-301F-11D3-BF4B-00C04F79EFBC}") = "MedicalBot", "MedicalBot\MedicalBot.csproj", "{8E7F611B-0C99-4EBF-82BB-B6DA9DF313DC}"
EndProject
Project("{FAE04EC0-301F-11D3-BF4B-00C04F79EFBC}") = "MedicalBotBob", "MedicalBotBob\MedicalBotBob.csproj", "{E7DE415B-B244-41C1-9E9F-43F47ADF5692}"
EndProject
Project("{FAE04EC0-301F-11D3-BF4B-00C04F79EFBC}") = "Patient", "Patient\Patient.csproj", "{EB39989F-7D51-4690-87C7-DA89BF07A3B6}"
EndProject
Global
	GlobalSection(SolutionConfigurationPlatforms) = preSolution
		Debug|Any CPU = Debug|Any CPU
		Release|Any CPU = Release|Any CPU
	EndGlobalSection
	GlobalSection(ProjectConfigurationPlatforms) = postSolution
		{8E7F611B-0C99-4EBF-82BB-B6DA9DF313DC}.Debug|Any CPU.ActiveCfg = Debug|Any CPU
		{8E7F611B-0C99-4EBF-82BB-B6DA9DF313DC}.Debug|Any CPU.Build.0 = Debug|Any CPU
		{8E7F611B-0C99-4EBF-82BB-B6DA9DF313DC}.Release|Any CPU.ActiveCfg = Release|Any CPU
		{8E7F611B-0C99-4EBF-82BB-B6DA9DF313DC}.Release|Any CPU.Build.0 = Release|Any CPU
		{E7DE415B-B244-41C1-9E9F-43F47ADF5692}.Debug|Any CPU.ActiveCfg = Debug|Any CPU
		{E7DE415B-B244-41C1-9E9F-43F47ADF5692}.Debug|Any CPU.Build.0 = Debug|Any CPU
		{E7DE415B-B244-41C1-9E9F-43F47ADF5692}.Release|Any CPU.ActiveCfg = Release|Any CPU
		{E7DE415B-B244-41C1-9E9F-43F47ADF5692}.Release|Any CPU.Build.0 = Release|Any CPU
		{EB39989F-7D51-4690-87C7-DA89BF07A3B6}.Debug|Any CPU.ActiveCfg = Debug|Any CPU
		{EB39989F-7D51-4690-87C7-DA89BF07A3B6}.Debug|Any CPU.Build.0 = Debug|Any CPU
		{EB39989F-7D51-4690-87C7-DA89BF07A3B6}.Release|Any CPU.ActiveCfg = Release|Any CPU
		{EB39989F-7D51-4690-87C7-DA89BF07A3B6}.Release|Any CPU.Build.0 = Release|Any CPU
	EndGlobalSection
	GlobalSection(SolutionProperties) = preSolution
		HideSolutionNode = FALSE
	EndGlobalSection
	GlobalSection(ExtensibilityGlobals) = postSolution
		SolutionGuid = {373BB5D9-C488-48C1-B864-EF3CE0A1E4B7}
	EndGlobalSection
EndGlobal
